# This file is autogenerated, do not edit; changes may be undone by the next 'dep ensure'.


[[projects]]
  name = "github.com/PuerkitoBio/goquery"
  packages = ["."]
  revision = "09540e565986583836b5fc792fe951ec5fd201dd"
  version = "v1.3.0"

[[projects]]
  name = "github.com/andybalholm/cascadia"
  packages = ["."]
  revision = "901648c87902174f774fac311d7f176f8647bdaa"
  version = "v1.0.0"

[[projects]]
  branch = "release-branch.go1.10"
  name = "golang.org/x/net"
  packages = [
    "html",
    "html/atom"
  ]
  revision = "0ed95abb35c445290478a5348a7b38bb154135fd"

[solve-meta]
  analyzer-name = "dep"
  analyzer-version = 1
  inputs-digest = "1637668fa3a9c65ce957e098c02fadde607648d769f18d24c3409ce23a19a876"
  solver-name = "gps-cdcl"
  solver-version = 1
